
Microsoft Visual Studio Solution File, Format Version 12.00
# Visual Studio Version 17
VisualStudioVersion = 17.9.34728.123
MinimumVisualStudioVersion = 10.0.40219.1
Project("{9A19103F-16F7-4668-BE54-9A1E7A4F7556}") = "WebApplication1", "WebApplication1\WebApplication1.csproj", "{840A4CC7-85FB-4C0A-8B71-7ED4B0A48B37}"
EndProject
Project("{FAE04EC0-301F-11D3-BF4B-00C04F79EFBC}") = "DataLibrary", "DataLibrary\DataLibrary.csproj", "{80DF12F6-BE6D-45E1-9ECF-A4CB4A0F5671}"
EndProject
Global
	GlobalSection(SolutionConfigurationPlatforms) = preSolution
		Debug|Any CPU = Debug|Any CPU
		Release|Any CPU = Release|Any CPU
	EndGlobalSection
	GlobalSection(ProjectConfigurationPlatforms) = postSolution
		{840A4CC7-85FB-4C0A-8B71-7ED4B0A48B37}.Debug|Any CPU.ActiveCfg = Debug|Any CPU
		{840A4CC7-85FB-4C0A-8B71-7ED4B0A48B37}.Debug|Any CPU.Build.0 = Debug|Any CPU
		{840A4CC7-85FB-4C0A-8B71-7ED4B0A48B37}.Release|Any CPU.ActiveCfg = Release|Any CPU
		{840A4CC7-85FB-4C0A-8B71-7ED4B0A48B37}.Release|Any CPU.Build.0 = Release|Any CPU
		{80DF12F6-BE6D-45E1-9ECF-A4CB4A0F5671}.Debug|Any CPU.ActiveCfg = Debug|Any CPU
		{80DF12F6-BE6D-45E1-9ECF-A4CB4A0F5671}.Debug|Any CPU.Build.0 = Debug|Any CPU
		{80DF12F6-BE6D-45E1-9ECF-A4CB4A0F5671}.Release|Any CPU.ActiveCfg = Release|Any CPU
		{80DF12F6-BE6D-45E1-9ECF-A4CB4A0F5671}.Release|Any CPU.Build.0 = Release|Any CPU
	EndGlobalSection
	GlobalSection(SolutionProperties) = preSolution
		HideSolutionNode = FALSE
	EndGlobalSection
	GlobalSection(ExtensibilityGlobals) = postSolution
		SolutionGuid = {5F231D8C-5B6F-45C7-BEB5-A7B3FFEE75D6}
	EndGlobalSection
EndGlobal
